{
  "name": "part1",
  "lockfileVersion": 3,
  "requires": true,
  "packages": {
    "": {
      "dependencies": {
        "openai": "^5.12.1"
      }
    },
    "node_modules/openai": {
      "version": "5.12.1",
      "resolved": "https://registry.npmjs.org/openai/-/openai-5.12.1.tgz",
      "integrity": "sha512-26s536j4Fi7P3iUma1S9H33WRrw0Qu8pJ2nYJHffrlKHPU0JK4d0r3NcMgqEcAeTdNLGYNyoFsqN4g4YE9vutg==",
      "license": "Apache-2.0",
      "bin": {
        "openai": "bin/cli"
      },
      "peerDependencies": {
        "ws": "^8.18.0",
        "zod": "^3.23.8"
      },
      "peerDependenciesMeta": {
        "ws": {
          "optional": true
        },
        "zod": {
          "optional": true
        }
      }
    }
  }
}
